
Microsoft Visual Studio Solution File, Format Version 12.00
# Visual Studio Version 16
VisualStudioVersion = 16.0.32106.194
MinimumVisualStudioVersion = 10.0.40219.1
Project("{9A19103F-16F7-4668-BE54-9A1E7A4F7556}") = "Harjoitus1", "Harjoitus1\Harjoitus1.csproj", "{286E15F1-0FE1-4129-9213-6979C049ABF9}"
EndProject
Project("{9A19103F-16F7-4668-BE54-9A1E7A4F7556}") = "Harjoitus2", "Harjoitus2\Harjoitus2.csproj", "{9B3880A8-8FC2-4A40-BDBB-44220C52560D}"
EndProject
Project("{9A19103F-16F7-4668-BE54-9A1E7A4F7556}") = "Harjoitus3", "Harjoitus3\Harjoitus3.csproj", "{4EF7B201-DA9D-431B-827B-611153DAB2C8}"
EndProject
Project("{9A19103F-16F7-4668-BE54-9A1E7A4F7556}") = "Harjoitus4", "Harjoitus4\Harjoitus4.csproj", "{5C9C204E-8E03-4412-8FD1-A8AC9A2242C2}"
EndProject
Project("{9A19103F-16F7-4668-BE54-9A1E7A4F7556}") = "OmaOlio", "OmaOlio\OmaOlio.csproj", "{265C89AC-43BF-415C-B799-343E3A014D6C}"
EndProject
Project("{9A19103F-16F7-4668-BE54-9A1E7A4F7556}") = "Harjoitus5", "Harjoitus5\Harjoitus5.csproj", "{B0D9804C-246C-49A7-9B0E-BCAF4DB19B50}"
EndProject
Project("{9A19103F-16F7-4668-BE54-9A1E7A4F7556}") = "Harjoitus6", "Harjoitus6\Harjoitus6.csproj", "{BAA083E5-C8CB-4DE9-820A-0E4AE5B7D127}"
EndProject
Project("{9A19103F-16F7-4668-BE54-9A1E7A4F7556}") = "StaticTest", "StaticTest\StaticTest.csproj", "{4784E548-6BCF-4F0F-BA07-04AD4C54CAFF}"
EndProject
Project("{9A19103F-16F7-4668-BE54-9A1E7A4F7556}") = "HenkilöStatic", "HenkilöStatic\HenkilöStatic.csproj", "{500E7735-933C-4984-BF1B-D4780DB0312C}"
EndProject
Project("{9A19103F-16F7-4668-BE54-9A1E7A4F7556}") = "Harjoitus5LaskinOpettajanMalli", "Harjoitus5LaskinOpettajanMalli\Harjoitus5LaskinOpettajanMalli.csproj", "{089872C3-373F-4AD8-AFF2-85D51655331E}"
EndProject
Project("{9A19103F-16F7-4668-BE54-9A1E7A4F7556}") = "PerintäTesti", "PerintäTesti\PerintäTesti.csproj", "{E2D48B63-C073-419B-88BB-DBA8C19AD2B9}"
EndProject
Project("{9A19103F-16F7-4668-BE54-9A1E7A4F7556}") = "AbstractiTesti", "AbstractiTesti\AbstractiTesti.csproj", "{AAA03CAE-4A5C-47EE-A160-42088425B4EB}"
EndProject
Project("{9A19103F-16F7-4668-BE54-9A1E7A4F7556}") = "Harjoitus7", "Harjoitus7\Harjoitus7.csproj", "{0CFB3233-CABD-44BE-8FBA-CB132FFFF126}"
EndProject
Project("{9A19103F-16F7-4668-BE54-9A1E7A4F7556}") = "Harjoitus9", "Harjoitus9\Harjoitus9.csproj", "{05143F5C-A072-4B9F-87AF-6448068734A0}"
EndProject
Project("{9A19103F-16F7-4668-BE54-9A1E7A4F7556}") = "VahvistinTesti", "VahvistinTesti\VahvistinTesti.csproj", "{BF086815-B631-41C7-AA17-3B5F0E05C589}"
EndProject
Project("{9A19103F-16F7-4668-BE54-9A1E7A4F7556}") = "Harjoitus8", "Harjoitus8\Harjoitus8.csproj", "{0E3B6FB0-0A34-4095-B3A4-1780183DB8F3}"
EndProject
Project("{9A19103F-16F7-4668-BE54-9A1E7A4F7556}") = "Harjoitus10", "Harjoitus10\Harjoitus10.csproj", "{CC2F5DF4-04F9-4B04-A666-595DFAAC0E11}"
EndProject
Project("{9A19103F-16F7-4668-BE54-9A1E7A4F7556}") = "Harjoitus11", "Harjoitus11\Harjoitus11.csproj", "{60389DC7-D794-4020-8EB6-201C7F897B5E}"
EndProject
Project("{9A19103F-16F7-4668-BE54-9A1E7A4F7556}") = "Harjoitus12", "Harjoitus12\Harjoitus12.csproj", "{5E29C2AD-7FA6-4409-997E-CBB15ACD7595}"
EndProject
Project("{9A19103F-16F7-4668-BE54-9A1E7A4F7556}") = "Harjoitus13", "Harjoitus13\Harjoitus13.csproj", "{FF46FAB0-D2B9-415F-951D-73A374B33891}"
EndProject
Project("{9A19103F-16F7-4668-BE54-9A1E7A4F7556}") = "Harjoitus14", "Harjoitus14\Harjoitus14.csproj", "{FD48046D-9ABC-412C-9C53-E655337818D1}"
EndProject
Project("{FAE04EC0-301F-11D3-BF4B-00C04F79EFBC}") = "WPF-Testi", "WPF-Testi\WPF-Testi.csproj", "{DDF13F38-EFEB-45BC-B38E-0A8230333A5E}"
EndProject
Project("{FAE04EC0-301F-11D3-BF4B-00C04F79EFBC}") = "Harjoitus15", "Harjoitus15\Harjoitus15.csproj", "{EAB73992-AF65-4385-AF45-E2A8E251E17D}"
EndProject
Project("{FAE04EC0-301F-11D3-BF4B-00C04F79EFBC}") = "Harjoitus16", "Harjoitus16\Harjoitus16.csproj", "{91C02B81-6DD2-46C4-B705-9F302A120BB7}"
EndProject
Project("{FAE04EC0-301F-11D3-BF4B-00C04F79EFBC}") = "Harjoitus17", "Harjoitus17\Harjoitus17.csproj", "{AF20C667-86BD-439A-A694-469C956B36FE}"
EndProject
Project("{FAE04EC0-301F-11D3-BF4B-00C04F79EFBC}") = "Harjoitus18", "Harjoitus18\Harjoitus18.csproj", "{0D595C84-B2C1-4DC6-B5DE-9549437C9ABA}"
EndProject
Project("{FAE04EC0-301F-11D3-BF4B-00C04F79EFBC}") = "Harjoitus19", "Harjoitus19\Harjoitus19.csproj", "{4A0C1D57-A0A1-41AD-A3F1-6F05B55277F2}"
EndProject
Project("{FAE04EC0-301F-11D3-BF4B-00C04F79EFBC}") = "Harjoitus20", "Harjoitus20\Harjoitus20.csproj", "{21724588-5D14-400E-9F15-F021A57827A0}"
EndProject
Project("{FAE04EC0-301F-11D3-BF4B-00C04F79EFBC}") = "SivujenLisäysEsimerkki", "SivujenLisäysEsimerkki\SivujenLisäysEsimerkki.csproj", "{E5867747-A549-4EF1-BB96-66A08084B3A4}"
EndProject
Project("{FAE04EC0-301F-11D3-BF4B-00C04F79EFBC}") = "Harjoitus21", "Harjoitus21\Harjoitus21.csproj", "{E208E0FC-A3AE-4501-90B9-E3FCB47C7348}"
EndProject
Project("{FAE04EC0-301F-11D3-BF4B-00C04F79EFBC}") = "Harjoitus23", "Harjoitus23\Harjoitus23.csproj", "{223820A5-FDF4-4001-94EE-5B574A713F72}"
EndProject
Project("{FAE04EC0-301F-11D3-BF4B-00C04F79EFBC}") = "Harjoitus22", "Harjoitus22\Harjoitus22.csproj", "{D6192503-BDEB-4518-B416-77DB4BCB228F}"
EndProject
Project("{FAE04EC0-301F-11D3-BF4B-00C04F79EFBC}") = "Harjoitus24", "Harjoitus24\Harjoitus24.csproj", "{0DE2B552-444D-469F-8C5F-6908A9F00BB5}"
EndProject
Project("{FAE04EC0-301F-11D3-BF4B-00C04F79EFBC}") = "Harjoitus25", "Harjoitus25\Harjoitus25.csproj", "{4CC3B9FE-5650-4DDF-AA55-4FC4EAE91631}"
EndProject
Project("{FAE04EC0-301F-11D3-BF4B-00C04F79EFBC}") = "Harjoitus26", "Harjoitus26\Harjoitus26.csproj", "{F96CFA98-417A-46FD-8B76-F1A2241E2E0D}"
EndProject
Global
	GlobalSection(SolutionConfigurationPlatforms) = preSolution
		Debug|Any CPU = Debug|Any CPU
		Release|Any CPU = Release|Any CPU
	EndGlobalSection
	GlobalSection(ProjectConfigurationPlatforms) = postSolution
		{286E15F1-0FE1-4129-9213-6979C049ABF9}.Debug|Any CPU.ActiveCfg = Debug|Any CPU
		{286E15F1-0FE1-4129-9213-6979C049ABF9}.Debug|Any CPU.Build.0 = Debug|Any CPU
		{286E15F1-0FE1-4129-9213-6979C049ABF9}.Release|Any CPU.ActiveCfg = Release|Any CPU
		{286E15F1-0FE1-4129-9213-6979C049ABF9}.Release|Any CPU.Build.0 = Release|Any CPU
		{9B3880A8-8FC2-4A40-BDBB-44220C52560D}.Debug|Any CPU.ActiveCfg = Debug|Any CPU
		{9B3880A8-8FC2-4A40-BDBB-44220C52560D}.Debug|Any CPU.Build.0 = Debug|Any CPU
		{9B3880A8-8FC2-4A40-BDBB-44220C52560D}.Release|Any CPU.ActiveCfg = Release|Any CPU
		{9B3880A8-8FC2-4A40-BDBB-44220C52560D}.Release|Any CPU.Build.0 = Release|Any CPU
		{4EF7B201-DA9D-431B-827B-611153DAB2C8}.Debug|Any CPU.ActiveCfg = Debug|Any CPU
		{4EF7B201-DA9D-431B-827B-611153DAB2C8}.Debug|Any CPU.Build.0 = Debug|Any CPU
		{4EF7B201-DA9D-431B-827B-611153DAB2C8}.Release|Any CPU.ActiveCfg = Release|Any CPU
		{4EF7B201-DA9D-431B-827B-611153DAB2C8}.Release|Any CPU.Build.0 = Release|Any CPU
		{5C9C204E-8E03-4412-8FD1-A8AC9A2242C2}.Debug|Any CPU.ActiveCfg = Debug|Any CPU
		{5C9C204E-8E03-4412-8FD1-A8AC9A2242C2}.Debug|Any CPU.Build.0 = Debug|Any CPU
		{5C9C204E-8E03-4412-8FD1-A8AC9A2242C2}.Release|Any CPU.ActiveCfg = Release|Any CPU
		{5C9C204E-8E03-4412-8FD1-A8AC9A2242C2}.Release|Any CPU.Build.0 = Release|Any CPU
		{265C89AC-43BF-415C-B799-343E3A014D6C}.Debug|Any CPU.ActiveCfg = Debug|Any CPU
		{265C89AC-43BF-415C-B799-343E3A014D6C}.Debug|Any CPU.Build.0 = Debug|Any CPU
		{265C89AC-43BF-415C-B799-343E3A014D6C}.Release|Any CPU.ActiveCfg = Release|Any CPU
		{265C89AC-43BF-415C-B799-343E3A014D6C}.Release|Any CPU.Build.0 = Release|Any CPU
		{B0D9804C-246C-49A7-9B0E-BCAF4DB19B50}.Debug|Any CPU.ActiveCfg = Debug|Any CPU
		{B0D9804C-246C-49A7-9B0E-BCAF4DB19B50}.Debug|Any CPU.Build.0 = Debug|Any CPU
		{B0D9804C-246C-49A7-9B0E-BCAF4DB19B50}.Release|Any CPU.ActiveCfg = Release|Any CPU
		{B0D9804C-246C-49A7-9B0E-BCAF4DB19B50}.Release|Any CPU.Build.0 = Release|Any CPU
		{BAA083E5-C8CB-4DE9-820A-0E4AE5B7D127}.Debug|Any CPU.ActiveCfg = Debug|Any CPU
		{BAA083E5-C8CB-4DE9-820A-0E4AE5B7D127}.Debug|Any CPU.Build.0 = Debug|Any CPU
		{BAA083E5-C8CB-4DE9-820A-0E4AE5B7D127}.Release|Any CPU.ActiveCfg = Release|Any CPU
		{BAA083E5-C8CB-4DE9-820A-0E4AE5B7D127}.Release|Any CPU.Build.0 = Release|Any CPU
		{4784E548-6BCF-4F0F-BA07-04AD4C54CAFF}.Debug|Any CPU.ActiveCfg = Debug|Any CPU
		{4784E548-6BCF-4F0F-BA07-04AD4C54CAFF}.Debug|Any CPU.Build.0 = Debug|Any CPU
		{4784E548-6BCF-4F0F-BA07-04AD4C54CAFF}.Release|Any CPU.ActiveCfg = Release|Any CPU
		{4784E548-6BCF-4F0F-BA07-04AD4C54CAFF}.Release|Any CPU.Build.0 = Release|Any CPU
		{500E7735-933C-4984-BF1B-D4780DB0312C}.Debug|Any CPU.ActiveCfg = Debug|Any CPU
		{500E7735-933C-4984-BF1B-D4780DB0312C}.Debug|Any CPU.Build.0 = Debug|Any CPU
		{500E7735-933C-4984-BF1B-D4780DB0312C}.Release|Any CPU.ActiveCfg = Release|Any CPU
		{500E7735-933C-4984-BF1B-D4780DB0312C}.Release|Any CPU.Build.0 = Release|Any CPU
		{089872C3-373F-4AD8-AFF2-85D51655331E}.Debug|Any CPU.ActiveCfg = Debug|Any CPU
		{089872C3-373F-4AD8-AFF2-85D51655331E}.Debug|Any CPU.Build.0 = Debug|Any CPU
		{089872C3-373F-4AD8-AFF2-85D51655331E}.Release|Any CPU.ActiveCfg = Release|Any CPU
		{089872C3-373F-4AD8-AFF2-85D51655331E}.Release|Any CPU.Build.0 = Release|Any CPU
		{E2D48B63-C073-419B-88BB-DBA8C19AD2B9}.Debug|Any CPU.ActiveCfg = Debug|Any CPU
		{E2D48B63-C073-419B-88BB-DBA8C19AD2B9}.Debug|Any CPU.Build.0 = Debug|Any CPU
		{E2D48B63-C073-419B-88BB-DBA8C19AD2B9}.Release|Any CPU.ActiveCfg = Release|Any CPU
		{E2D48B63-C073-419B-88BB-DBA8C19AD2B9}.Release|Any CPU.Build.0 = Release|Any CPU
		{AAA03CAE-4A5C-47EE-A160-42088425B4EB}.Debug|Any CPU.ActiveCfg = Debug|Any CPU
		{AAA03CAE-4A5C-47EE-A160-42088425B4EB}.Debug|Any CPU.Build.0 = Debug|Any CPU
		{AAA03CAE-4A5C-47EE-A160-42088425B4EB}.Release|Any CPU.ActiveCfg = Release|Any CPU
		{AAA03CAE-4A5C-47EE-A160-42088425B4EB}.Release|Any CPU.Build.0 = Release|Any CPU
		{0CFB3233-CABD-44BE-8FBA-CB132FFFF126}.Debug|Any CPU.ActiveCfg = Debug|Any CPU
		{0CFB3233-CABD-44BE-8FBA-CB132FFFF126}.Debug|Any CPU.Build.0 = Debug|Any CPU
		{0CFB3233-CABD-44BE-8FBA-CB132FFFF126}.Release|Any CPU.ActiveCfg = Release|Any CPU
		{0CFB3233-CABD-44BE-8FBA-CB132FFFF126}.Release|Any CPU.Build.0 = Release|Any CPU
		{05143F5C-A072-4B9F-87AF-6448068734A0}.Debug|Any CPU.ActiveCfg = Debug|Any CPU
		{05143F5C-A072-4B9F-87AF-6448068734A0}.Debug|Any CPU.Build.0 = Debug|Any CPU
		{05143F5C-A072-4B9F-87AF-6448068734A0}.Release|Any CPU.ActiveCfg = Release|Any CPU
		{05143F5C-A072-4B9F-87AF-6448068734A0}.Release|Any CPU.Build.0 = Release|Any CPU
		{BF086815-B631-41C7-AA17-3B5F0E05C589}.Debug|Any CPU.ActiveCfg = Debug|Any CPU
		{BF086815-B631-41C7-AA17-3B5F0E05C589}.Debug|Any CPU.Build.0 = Debug|Any CPU
		{BF086815-B631-41C7-AA17-3B5F0E05C589}.Release|Any CPU.ActiveCfg = Release|Any CPU
		{BF086815-B631-41C7-AA17-3B5F0E05C589}.Release|Any CPU.Build.0 = Release|Any CPU
		{0E3B6FB0-0A34-4095-B3A4-1780183DB8F3}.Debug|Any CPU.ActiveCfg = Debug|Any CPU
		{0E3B6FB0-0A34-4095-B3A4-1780183DB8F3}.Debug|Any CPU.Build.0 = Debug|Any CPU
		{0E3B6FB0-0A34-4095-B3A4-1780183DB8F3}.Release|Any CPU.ActiveCfg = Release|Any CPU
		{0E3B6FB0-0A34-4095-B3A4-1780183DB8F3}.Release|Any CPU.Build.0 = Release|Any CPU
		{CC2F5DF4-04F9-4B04-A666-595DFAAC0E11}.Debug|Any CPU.ActiveCfg = Debug|Any CPU
		{CC2F5DF4-04F9-4B04-A666-595DFAAC0E11}.Debug|Any CPU.Build.0 = Debug|Any CPU
		{CC2F5DF4-04F9-4B04-A666-595DFAAC0E11}.Release|Any CPU.ActiveCfg = Release|Any CPU
		{CC2F5DF4-04F9-4B04-A666-595DFAAC0E11}.Release|Any CPU.Build.0 = Release|Any CPU
		{60389DC7-D794-4020-8EB6-201C7F897B5E}.Debug|Any CPU.ActiveCfg = Debug|Any CPU
		{60389DC7-D794-4020-8EB6-201C7F897B5E}.Debug|Any CPU.Build.0 = Debug|Any CPU
		{60389DC7-D794-4020-8EB6-201C7F897B5E}.Release|Any CPU.ActiveCfg = Release|Any CPU
		{60389DC7-D794-4020-8EB6-201C7F897B5E}.Release|Any CPU.Build.0 = Release|Any CPU
		{5E29C2AD-7FA6-4409-997E-CBB15ACD7595}.Debug|Any CPU.ActiveCfg = Debug|Any CPU
		{5E29C2AD-7FA6-4409-997E-CBB15ACD7595}.Debug|Any CPU.Build.0 = Debug|Any CPU
		{5E29C2AD-7FA6-4409-997E-CBB15ACD7595}.Release|Any CPU.ActiveCfg = Release|Any CPU
		{5E29C2AD-7FA6-4409-997E-CBB15ACD7595}.Release|Any CPU.Build.0 = Release|Any CPU
		{FF46FAB0-D2B9-415F-951D-73A374B33891}.Debug|Any CPU.ActiveCfg = Debug|Any CPU
		{FF46FAB0-D2B9-415F-951D-73A374B33891}.Debug|Any CPU.Build.0 = Debug|Any CPU
		{FF46FAB0-D2B9-415F-951D-73A374B33891}.Release|Any CPU.ActiveCfg = Release|Any CPU
		{FF46FAB0-D2B9-415F-951D-73A374B33891}.Release|Any CPU.Build.0 = Release|Any CPU
		{FD48046D-9ABC-412C-9C53-E655337818D1}.Debug|Any CPU.ActiveCfg = Debug|Any CPU
		{FD48046D-9ABC-412C-9C53-E655337818D1}.Debug|Any CPU.Build.0 = Debug|Any CPU
		{FD48046D-9ABC-412C-9C53-E655337818D1}.Release|Any CPU.ActiveCfg = Release|Any CPU
		{FD48046D-9ABC-412C-9C53-E655337818D1}.Release|Any CPU.Build.0 = Release|Any CPU
		{DDF13F38-EFEB-45BC-B38E-0A8230333A5E}.Debug|Any CPU.ActiveCfg = Debug|Any CPU
		{DDF13F38-EFEB-45BC-B38E-0A8230333A5E}.Debug|Any CPU.Build.0 = Debug|Any CPU
		{DDF13F38-EFEB-45BC-B38E-0A8230333A5E}.Release|Any CPU.ActiveCfg = Release|Any CPU
		{DDF13F38-EFEB-45BC-B38E-0A8230333A5E}.Release|Any CPU.Build.0 = Release|Any CPU
		{EAB73992-AF65-4385-AF45-E2A8E251E17D}.Debug|Any CPU.ActiveCfg = Debug|Any CPU
		{EAB73992-AF65-4385-AF45-E2A8E251E17D}.Debug|Any CPU.Build.0 = Debug|Any CPU
		{EAB73992-AF65-4385-AF45-E2A8E251E17D}.Release|Any CPU.ActiveCfg = Release|Any CPU
		{EAB73992-AF65-4385-AF45-E2A8E251E17D}.Release|Any CPU.Build.0 = Release|Any CPU
		{91C02B81-6DD2-46C4-B705-9F302A120BB7}.Debug|Any CPU.ActiveCfg = Debug|Any CPU
		{91C02B81-6DD2-46C4-B705-9F302A120BB7}.Debug|Any CPU.Build.0 = Debug|Any CPU
		{91C02B81-6DD2-46C4-B705-9F302A120BB7}.Release|Any CPU.ActiveCfg = Release|Any CPU
		{91C02B81-6DD2-46C4-B705-9F302A120BB7}.Release|Any CPU.Build.0 = Release|Any CPU
		{AF20C667-86BD-439A-A694-469C956B36FE}.Debug|Any CPU.ActiveCfg = Debug|Any CPU
		{AF20C667-86BD-439A-A694-469C956B36FE}.Debug|Any CPU.Build.0 = Debug|Any CPU
		{AF20C667-86BD-439A-A694-469C956B36FE}.Release|Any CPU.ActiveCfg = Release|Any CPU
		{AF20C667-86BD-439A-A694-469C956B36FE}.Release|Any CPU.Build.0 = Release|Any CPU
		{0D595C84-B2C1-4DC6-B5DE-9549437C9ABA}.Debug|Any CPU.ActiveCfg = Debug|Any CPU
		{0D595C84-B2C1-4DC6-B5DE-9549437C9ABA}.Debug|Any CPU.Build.0 = Debug|Any CPU
		{0D595C84-B2C1-4DC6-B5DE-9549437C9ABA}.Release|Any CPU.ActiveCfg = Release|Any CPU
		{0D595C84-B2C1-4DC6-B5DE-9549437C9ABA}.Release|Any CPU.Build.0 = Release|Any CPU
		{4A0C1D57-A0A1-41AD-A3F1-6F05B55277F2}.Debug|Any CPU.ActiveCfg = Debug|Any CPU
		{4A0C1D57-A0A1-41AD-A3F1-6F05B55277F2}.Debug|Any CPU.Build.0 = Debug|Any CPU
		{4A0C1D57-A0A1-41AD-A3F1-6F05B55277F2}.Release|Any CPU.ActiveCfg = Release|Any CPU
		{4A0C1D57-A0A1-41AD-A3F1-6F05B55277F2}.Release|Any CPU.Build.0 = Release|Any CPU
		{21724588-5D14-400E-9F15-F021A57827A0}.Debug|Any CPU.ActiveCfg = Debug|Any CPU
		{21724588-5D14-400E-9F15-F021A57827A0}.Debug|Any CPU.Build.0 = Debug|Any CPU
		{21724588-5D14-400E-9F15-F021A57827A0}.Release|Any CPU.ActiveCfg = Release|Any CPU
		{21724588-5D14-400E-9F15-F021A57827A0}.Release|Any CPU.Build.0 = Release|Any CPU
		{E5867747-A549-4EF1-BB96-66A08084B3A4}.Debug|Any CPU.ActiveCfg = Debug|Any CPU
		{E5867747-A549-4EF1-BB96-66A08084B3A4}.Debug|Any CPU.Build.0 = Debug|Any CPU
		{E5867747-A549-4EF1-BB96-66A08084B3A4}.Release|Any CPU.ActiveCfg = Release|Any CPU
		{E5867747-A549-4EF1-BB96-66A08084B3A4}.Release|Any CPU.Build.0 = Release|Any CPU
		{E208E0FC-A3AE-4501-90B9-E3FCB47C7348}.Debug|Any CPU.ActiveCfg = Debug|Any CPU
		{E208E0FC-A3AE-4501-90B9-E3FCB47C7348}.Debug|Any CPU.Build.0 = Debug|Any CPU
		{E208E0FC-A3AE-4501-90B9-E3FCB47C7348}.Release|Any CPU.ActiveCfg = Release|Any CPU
		{E208E0FC-A3AE-4501-90B9-E3FCB47C7348}.Release|Any CPU.Build.0 = Release|Any CPU
		{223820A5-FDF4-4001-94EE-5B574A713F72}.Debug|Any CPU.ActiveCfg = Debug|Any CPU
		{223820A5-FDF4-4001-94EE-5B574A713F72}.Debug|Any CPU.Build.0 = Debug|Any CPU
		{223820A5-FDF4-4001-94EE-5B574A713F72}.Release|Any CPU.ActiveCfg = Release|Any CPU
		{223820A5-FDF4-4001-94EE-5B574A713F72}.Release|Any CPU.Build.0 = Release|Any CPU
		{D6192503-BDEB-4518-B416-77DB4BCB228F}.Debug|Any CPU.ActiveCfg = Debug|Any CPU
		{D6192503-BDEB-4518-B416-77DB4BCB228F}.Debug|Any CPU.Build.0 = Debug|Any CPU
		{D6192503-BDEB-4518-B416-77DB4BCB228F}.Release|Any CPU.ActiveCfg = Release|Any CPU
		{D6192503-BDEB-4518-B416-77DB4BCB228F}.Release|Any CPU.Build.0 = Release|Any CPU
		{0DE2B552-444D-469F-8C5F-6908A9F00BB5}.Debug|Any CPU.ActiveCfg = Debug|Any CPU
		{0DE2B552-444D-469F-8C5F-6908A9F00BB5}.Debug|Any CPU.Build.0 = Debug|Any CPU
		{0DE2B552-444D-469F-8C5F-6908A9F00BB5}.Release|Any CPU.ActiveCfg = Release|Any CPU
		{0DE2B552-444D-469F-8C5F-6908A9F00BB5}.Release|Any CPU.Build.0 = Release|Any CPU
		{4CC3B9FE-5650-4DDF-AA55-4FC4EAE91631}.Debug|Any CPU.ActiveCfg = Debug|Any CPU
		{4CC3B9FE-5650-4DDF-AA55-4FC4EAE91631}.Debug|Any CPU.Build.0 = Debug|Any CPU
		{4CC3B9FE-5650-4DDF-AA55-4FC4EAE91631}.Release|Any CPU.ActiveCfg = Release|Any CPU
		{4CC3B9FE-5650-4DDF-AA55-4FC4EAE91631}.Release|Any CPU.Build.0 = Release|Any CPU
		{F96CFA98-417A-46FD-8B76-F1A2241E2E0D}.Debug|Any CPU.ActiveCfg = Debug|Any CPU
		{F96CFA98-417A-46FD-8B76-F1A2241E2E0D}.Debug|Any CPU.Build.0 = Debug|Any CPU
		{F96CFA98-417A-46FD-8B76-F1A2241E2E0D}.Release|Any CPU.ActiveCfg = Release|Any CPU
		{F96CFA98-417A-46FD-8B76-F1A2241E2E0D}.Release|Any CPU.Build.0 = Release|Any CPU
	EndGlobalSection
	GlobalSection(SolutionProperties) = preSolution
		HideSolutionNode = FALSE
	EndGlobalSection
	GlobalSection(ExtensibilityGlobals) = postSolution
		SolutionGuid = {2EA7717B-C810-47AB-B5C3-18D8C9B9717B}
	EndGlobalSection
EndGlobal
